
Microsoft Visual Studio Solution File, Format Version 12.00
# Visual Studio Version 17
VisualStudioVersion = 17.3.32929.385
MinimumVisualStudioVersion = 10.0.40219.1
Project("{FAE04EC0-301F-11D3-BF4B-00C04F79EFBC}") = "LoginModule", "LoginModule\LoginModule.csproj", "{5B35B613-6866-4976-A56F-73FAA4CDC84C}"
EndProject
Global
	GlobalSection(SolutionConfigurationPlatforms) = preSolution
		Debug|Any CPU = Debug|Any CPU
		Release|Any CPU = Release|Any CPU
	EndGlobalSection
	GlobalSection(ProjectConfigurationPlatforms) = postSolution
		{5B35B613-6866-4976-A56F-73FAA4CDC84C}.Debug|Any CPU.ActiveCfg = Debug|Any CPU
		{5B35B613-6866-4976-A56F-73FAA4CDC84C}.Debug|Any CPU.Build.0 = Debug|Any CPU
		{5B35B613-6866-4976-A56F-73FAA4CDC84C}.Release|Any CPU.ActiveCfg = Release|Any CPU
		{5B35B613-6866-4976-A56F-73FAA4CDC84C}.Release|Any CPU.Build.0 = Release|Any CPU
	EndGlobalSection
	GlobalSection(SolutionProperties) = preSolution
		HideSolutionNode = FALSE
	EndGlobalSection
	GlobalSection(ExtensibilityGlobals) = postSolution
		SolutionGuid = {80E180E9-6A41-4066-8738-21777DA31362}
	EndGlobalSection
EndGlobal
